<?xml version="1.0" encoding="UTF-8" standalone="yes" ?>
<CodeBlocks_project_file>
	<FileVersion major="1" minor="6" />
	<Project>
		<Option title="Grapheur" />
		<Option pch_mode="2" />
		<Option compiler="gcc" />
		<Build>
			<Target title="Debug">
				<Option output="bin/Debug/Grapheur" prefix_auto="1" extension_auto="1" />
				<Option object_output="obj/Debug/" />
				<Option type="1" />
				<Option compiler="gcc" />
				<Compiler>
					<Add option="-g" />
				</Compiler>
			</Target>
			<Target title="Release">
				<Option output="bin/Release/Grapheur" prefix_auto="1" extension_auto="1" />
				<Option object_output="obj/Release/" />
				<Option type="1" />
				<Option compiler="gcc" />
				<Compiler>
					<Add option="-O2" />
				</Compiler>
				<Linker>
					<Add option="-s" />
				</Linker>
			</Target>
		</Build>
		<Compiler>
			<Add option="-Wall" />
		</Compiler>
		<Linker>
			<Add library="freeglut" />
			<Add library="freeglut_static" />
			<Add library="opengl32" />
			<Add library="glu32" />
		</Linker>
		<Unit filename="analyse_lexicale.c">
			<Option compilerVar="CC" />
		</Unit>
		<Unit filename="analyse_lexicale.h" />
		<Unit filename="analyse_syntaxique.c">
			<Option compilerVar="CC" />
		</Unit>
		<Unit filename="analyse_syntaxique.h" />
		<Unit filename="evaluateur.c">
			<Option compilerVar="CC" />
		</Unit>
		<Unit filename="evaluateur.h" />
		<Unit filename="func_graphique.c">
			<Option compilerVar="CC" />
		</Unit>
		<Unit filename="func_graphique.h" />
		<Unit filename="graph.c">
			<Option compilerVar="CC" />
		</Unit>
		<Unit filename="graph.h" />
		<Unit filename="jeton.h" />
		<Unit filename="main.c">
			<Option compilerVar="CC" />
		</Unit>
		<Unit filename="variables.h" />
		<Extensions>
			<code_completion />
			<envvars />
			<debugger />
			<lib_finder disable_auto="1" />
		</Extensions>
	</Project>
</CodeBlocks_project_file>
